# This file is automatically @generated by Cargo.
# It is not intended for manual editing.
[[package]]
name = "bumpalo"
version = "3.2.0"
source = "registry+https://github.com/rust-lang/crates.io-index"

[[package]]
name = "cfg-if"
version = "0.1.10"
source = "registry+https://github.com/rust-lang/crates.io-index"

[[package]]
name = "console_error_panic_hook"
version = "0.1.6"
source = "registry+https://github.com/rust-lang/crates.io-index"
dependencies = [
 "cfg-if 0.1.10 (registry+https://github.com/rust-lang/crates.io-index)",
 "wasm-bindgen 0.2.65 (registry+https://github.com/rust-lang/crates.io-index)",
]

[[package]]
name = "console_log"
version = "0.1.2"
source = "registry+https://github.com/rust-lang/crates.io-index"
dependencies = [
 "log 0.4.8 (registry+https://github.com/rust-lang/crates.io-index)",
 "web-sys 0.3.42 (registry+https://github.com/rust-lang/crates.io-index)",
]

[[package]]
name = "doc-comment"
version = "0.3.3"
source = "registry+https://github.com/rust-lang/crates.io-index"

[[package]]
name = "futf"
version = "0.1.4"
source = "registry+https://github.com/rust-lang/crates.io-index"
dependencies = [
 "mac 0.1.1 (registry+https://github.com/rust-lang/crates.io-index)",
 "new_debug_unreachable 1.0.4 (registry+https://github.com/rust-lang/crates.io-index)",
]

[[package]]
name = "getrandom"
version = "0.1.14"
source = "registry+https://github.com/rust-lang/crates.io-index"
dependencies = [
 "cfg-if 0.1.10 (registry+https://github.com/rust-lang/crates.io-index)",
 "libc 0.2.67 (registry+https://github.com/rust-lang/crates.io-index)",
 "wasi 0.9.0+wasi-snapshot-preview1 (registry+https://github.com/rust-lang/crates.io-index)",
]

[[package]]
name = "html2sauron"
version = "0.1.0"
dependencies = [
 "console_error_panic_hook 0.1.6 (registry+https://github.com/rust-lang/crates.io-index)",
 "console_log 0.1.2 (registry+https://github.com/rust-lang/crates.io-index)",
 "log 0.4.8 (registry+https://github.com/rust-lang/crates.io-index)",
 "sauron 0.27.0 (registry+https://github.com/rust-lang/crates.io-index)",
 "sauron-syntax 0.1.3 (registry+https://github.com/rust-lang/crates.io-index)",
 "wasm-bindgen 0.2.65 (registry+https://github.com/rust-lang/crates.io-index)",
 "wee_alloc 0.4.5 (registry+https://github.com/rust-lang/crates.io-index)",
]

[[package]]
name = "html5ever"
version = "0.25.1"
source = "registry+https://github.com/rust-lang/crates.io-index"
dependencies = [
 "log 0.4.8 (registry+https://github.com/rust-lang/crates.io-index)",
 "mac 0.1.1 (registry+https://github.com/rust-lang/crates.io-index)",
 "markup5ever 0.10.0 (registry+https://github.com/rust-lang/crates.io-index)",
 "proc-macro2 1.0.18 (registry+https://github.com/rust-lang/crates.io-index)",
 "quote 1.0.2 (registry+https://github.com/rust-lang/crates.io-index)",
 "syn 1.0.34 (registry+https://github.com/rust-lang/crates.io-index)",
]

[[package]]
name = "itoa"
version = "0.4.6"
source = "registry+https://github.com/rust-lang/crates.io-index"

[[package]]
name = "js-sys"
version = "0.3.42"
source = "registry+https://github.com/rust-lang/crates.io-index"
dependencies = [
 "wasm-bindgen 0.2.65 (registry+https://github.com/rust-lang/crates.io-index)",
]

[[package]]
name = "lazy_static"
version = "1.4.0"
source = "registry+https://github.com/rust-lang/crates.io-index"

[[package]]
name = "libc"
version = "0.2.67"
source = "registry+https://github.com/rust-lang/crates.io-index"

[[package]]
name = "log"
version = "0.4.8"
source = "registry+https://github.com/rust-lang/crates.io-index"
dependencies = [
 "cfg-if 0.1.10 (registry+https://github.com/rust-lang/crates.io-index)",
]

[[package]]
name = "mac"
version = "0.1.1"
source = "registry+https://github.com/rust-lang/crates.io-index"

[[package]]
name = "markup5ever"
version = "0.10.0"
source = "registry+https://github.com/rust-lang/crates.io-index"
dependencies = [
 "log 0.4.8 (registry+https://github.com/rust-lang/crates.io-index)",
 "phf 0.8.0 (registry+https://github.com/rust-lang/crates.io-index)",
 "phf_codegen 0.8.0 (registry+https://github.com/rust-lang/crates.io-index)",
 "serde 1.0.114 (registry+https://github.com/rust-lang/crates.io-index)",
 "serde_derive 1.0.114 (registry+https://github.com/rust-lang/crates.io-index)",
 "serde_json 1.0.56 (registry+https://github.com/rust-lang/crates.io-index)",
 "string_cache 0.8.0 (registry+https://github.com/rust-lang/crates.io-index)",
 "string_cache_codegen 0.5.1 (registry+https://github.com/rust-lang/crates.io-index)",
 "tendril 0.4.1 (registry+https://github.com/rust-lang/crates.io-index)",
]

[[package]]
name = "markup5ever_rcdom"
version = "0.1.0"
source = "registry+https://github.com/rust-lang/crates.io-index"
dependencies = [
 "html5ever 0.25.1 (registry+https://github.com/rust-lang/crates.io-index)",
 "markup5ever 0.10.0 (registry+https://github.com/rust-lang/crates.io-index)",
 "tendril 0.4.1 (registry+https://github.com/rust-lang/crates.io-index)",
 "xml5ever 0.16.1 (registry+https://github.com/rust-lang/crates.io-index)",
]

[[package]]
name = "memory_units"
version = "0.4.0"
source = "registry+https://github.com/rust-lang/crates.io-index"

[[package]]
name = "mt-dom"
version = "0.1.1"
source = "registry+https://github.com/rust-lang/crates.io-index"

[[package]]
name = "new_debug_unreachable"
version = "1.0.4"
source = "registry+https://github.com/rust-lang/crates.io-index"

[[package]]
name = "phf"
version = "0.8.0"
source = "registry+https://github.com/rust-lang/crates.io-index"
dependencies = [
 "phf_shared 0.8.0 (registry+https://github.com/rust-lang/crates.io-index)",
]

[[package]]
name = "phf_codegen"
version = "0.8.0"
source = "registry+https://github.com/rust-lang/crates.io-index"
dependencies = [
 "phf_generator 0.8.0 (registry+https://github.com/rust-lang/crates.io-index)",
 "phf_shared 0.8.0 (registry+https://github.com/rust-lang/crates.io-index)",
]

[[package]]
name = "phf_generator"
version = "0.8.0"
source = "registry+https://github.com/rust-lang/crates.io-index"
dependencies = [
 "phf_shared 0.8.0 (registry+https://github.com/rust-lang/crates.io-index)",
 "rand 0.7.3 (registry+https://github.com/rust-lang/crates.io-index)",
]

[[package]]
name = "phf_shared"
version = "0.8.0"
source = "registry+https://github.com/rust-lang/crates.io-index"
dependencies = [
 "siphasher 0.3.3 (registry+https://github.com/rust-lang/crates.io-index)",
]

[[package]]
name = "ppv-lite86"
version = "0.2.8"
source = "registry+https://github.com/rust-lang/crates.io-index"

[[package]]
name = "precomputed-hash"
version = "0.1.1"
source = "registry+https://github.com/rust-lang/crates.io-index"

[[package]]
name = "proc-macro2"
version = "1.0.18"
source = "registry+https://github.com/rust-lang/crates.io-index"
dependencies = [
 "unicode-xid 0.2.0 (registry+https://github.com/rust-lang/crates.io-index)",
]

[[package]]
name = "quote"
version = "1.0.2"
source = "registry+https://github.com/rust-lang/crates.io-index"
dependencies = [
 "proc-macro2 1.0.18 (registry+https://github.com/rust-lang/crates.io-index)",
]

[[package]]
name = "rand"
version = "0.7.3"
source = "registry+https://github.com/rust-lang/crates.io-index"
dependencies = [
 "getrandom 0.1.14 (registry+https://github.com/rust-lang/crates.io-index)",
 "libc 0.2.67 (registry+https://github.com/rust-lang/crates.io-index)",
 "rand_chacha 0.2.2 (registry+https://github.com/rust-lang/crates.io-index)",
 "rand_core 0.5.1 (registry+https://github.com/rust-lang/crates.io-index)",
 "rand_hc 0.2.0 (registry+https://github.com/rust-lang/crates.io-index)",
 "rand_pcg 0.2.1 (registry+https://github.com/rust-lang/crates.io-index)",
]

[[package]]
name = "rand_chacha"
version = "0.2.2"
source = "registry+https://github.com/rust-lang/crates.io-index"
dependencies = [
 "ppv-lite86 0.2.8 (registry+https://github.com/rust-lang/crates.io-index)",
 "rand_core 0.5.1 (registry+https://github.com/rust-lang/crates.io-index)",
]

[[package]]
name = "rand_core"
version = "0.5.1"
source = "registry+https://github.com/rust-lang/crates.io-index"
dependencies = [
 "getrandom 0.1.14 (registry+https://github.com/rust-lang/crates.io-index)",
]

[[package]]
name = "rand_hc"
version = "0.2.0"
source = "registry+https://github.com/rust-lang/crates.io-index"
dependencies = [
 "rand_core 0.5.1 (registry+https://github.com/rust-lang/crates.io-index)",
]

[[package]]
name = "rand_pcg"
version = "0.2.1"
source = "registry+https://github.com/rust-lang/crates.io-index"
dependencies = [
 "rand_core 0.5.1 (registry+https://github.com/rust-lang/crates.io-index)",
]

[[package]]
name = "redox_syscall"
version = "0.1.57"
source = "registry+https://github.com/rust-lang/crates.io-index"

[[package]]
name = "ryu"
version = "1.0.5"
source = "registry+https://github.com/rust-lang/crates.io-index"

[[package]]
name = "sauron"
version = "0.27.0"
source = "registry+https://github.com/rust-lang/crates.io-index"
dependencies = [
 "cfg-if 0.1.10 (registry+https://github.com/rust-lang/crates.io-index)",
 "doc-comment 0.3.3 (registry+https://github.com/rust-lang/crates.io-index)",
 "js-sys 0.3.42 (registry+https://github.com/rust-lang/crates.io-index)",
 "lazy_static 1.4.0 (registry+https://github.com/rust-lang/crates.io-index)",
 "log 0.4.8 (registry+https://github.com/rust-lang/crates.io-index)",
 "mt-dom 0.1.1 (registry+https://github.com/rust-lang/crates.io-index)",
 "thiserror 1.0.11 (registry+https://github.com/rust-lang/crates.io-index)",
 "wasm-bindgen 0.2.65 (registry+https://github.com/rust-lang/crates.io-index)",
 "web-sys 0.3.42 (registry+https://github.com/rust-lang/crates.io-index)",
]

[[package]]
name = "sauron-parse"
version = "0.1.3"
source = "registry+https://github.com/rust-lang/crates.io-index"
dependencies = [
 "html5ever 0.25.1 (registry+https://github.com/rust-lang/crates.io-index)",
 "log 0.4.8 (registry+https://github.com/rust-lang/crates.io-index)",
 "markup5ever_rcdom 0.1.0 (registry+https://github.com/rust-lang/crates.io-index)",
 "sauron 0.27.0 (registry+https://github.com/rust-lang/crates.io-index)",
 "thiserror 1.0.11 (registry+https://github.com/rust-lang/crates.io-index)",
]

[[package]]
name = "sauron-syntax"
version = "0.1.3"
source = "registry+https://github.com/rust-lang/crates.io-index"
dependencies = [
 "log 0.4.8 (registry+https://github.com/rust-lang/crates.io-index)",
 "sauron 0.27.0 (registry+https://github.com/rust-lang/crates.io-index)",
 "sauron-parse 0.1.3 (registry+https://github.com/rust-lang/crates.io-index)",
]

[[package]]
name = "serde"
version = "1.0.114"
source = "registry+https://github.com/rust-lang/crates.io-index"

[[package]]
name = "serde_derive"
version = "1.0.114"
source = "registry+https://github.com/rust-lang/crates.io-index"
dependencies = [
 "proc-macro2 1.0.18 (registry+https://github.com/rust-lang/crates.io-index)",
 "quote 1.0.2 (registry+https://github.com/rust-lang/crates.io-index)",
 "syn 1.0.34 (registry+https://github.com/rust-lang/crates.io-index)",
]

[[package]]
name = "serde_json"
version = "1.0.56"
source = "registry+https://github.com/rust-lang/crates.io-index"
dependencies = [
 "itoa 0.4.6 (registry+https://github.com/rust-lang/crates.io-index)",
 "ryu 1.0.5 (registry+https://github.com/rust-lang/crates.io-index)",
 "serde 1.0.114 (registry+https://github.com/rust-lang/crates.io-index)",
]

[[package]]
name = "siphasher"
version = "0.3.3"
source = "registry+https://github.com/rust-lang/crates.io-index"

[[package]]
name = "string_cache"
version = "0.8.0"
source = "registry+https://github.com/rust-lang/crates.io-index"
dependencies = [
 "lazy_static 1.4.0 (registry+https://github.com/rust-lang/crates.io-index)",
 "new_debug_unreachable 1.0.4 (registry+https://github.com/rust-lang/crates.io-index)",
 "phf_shared 0.8.0 (registry+https://github.com/rust-lang/crates.io-index)",
 "precomputed-hash 0.1.1 (registry+https://github.com/rust-lang/crates.io-index)",
 "serde 1.0.114 (registry+https://github.com/rust-lang/crates.io-index)",
]

[[package]]
name = "string_cache_codegen"
version = "0.5.1"
source = "registry+https://github.com/rust-lang/crates.io-index"
dependencies = [
 "phf_generator 0.8.0 (registry+https://github.com/rust-lang/crates.io-index)",
 "phf_shared 0.8.0 (registry+https://github.com/rust-lang/crates.io-index)",
 "proc-macro2 1.0.18 (registry+https://github.com/rust-lang/crates.io-index)",
 "quote 1.0.2 (registry+https://github.com/rust-lang/crates.io-index)",
]

[[package]]
name = "syn"
version = "1.0.34"
source = "registry+https://github.com/rust-lang/crates.io-index"
dependencies = [
 "proc-macro2 1.0.18 (registry+https://github.com/rust-lang/crates.io-index)",
 "quote 1.0.2 (registry+https://github.com/rust-lang/crates.io-index)",
 "unicode-xid 0.2.0 (registry+https://github.com/rust-lang/crates.io-index)",
]

[[package]]
name = "tendril"
version = "0.4.1"
source = "registry+https://github.com/rust-lang/crates.io-index"
dependencies = [
 "futf 0.1.4 (registry+https://github.com/rust-lang/crates.io-index)",
 "mac 0.1.1 (registry+https://github.com/rust-lang/crates.io-index)",
 "utf-8 0.7.5 (registry+https://github.com/rust-lang/crates.io-index)",
]

[[package]]
name = "thiserror"
version = "1.0.11"
source = "registry+https://github.com/rust-lang/crates.io-index"
dependencies = [
 "thiserror-impl 1.0.11 (registry+https://github.com/rust-lang/crates.io-index)",
]

[[package]]
name = "thiserror-impl"
version = "1.0.11"
source = "registry+https://github.com/rust-lang/crates.io-index"
dependencies = [
 "proc-macro2 1.0.18 (registry+https://github.com/rust-lang/crates.io-index)",
 "quote 1.0.2 (registry+https://github.com/rust-lang/crates.io-index)",
 "syn 1.0.34 (registry+https://github.com/rust-lang/crates.io-index)",
]

[[package]]
name = "time"
version = "0.1.42"
source = "registry+https://github.com/rust-lang/crates.io-index"
dependencies = [
 "libc 0.2.67 (registry+https://github.com/rust-lang/crates.io-index)",
 "redox_syscall 0.1.57 (registry+https://github.com/rust-lang/crates.io-index)",
 "winapi 0.3.8 (registry+https://github.com/rust-lang/crates.io-index)",
]

[[package]]
name = "unicode-xid"
version = "0.2.0"
source = "registry+https://github.com/rust-lang/crates.io-index"

[[package]]
name = "utf-8"
version = "0.7.5"
source = "registry+https://github.com/rust-lang/crates.io-index"

[[package]]
name = "wasi"
version = "0.9.0+wasi-snapshot-preview1"
source = "registry+https://github.com/rust-lang/crates.io-index"

[[package]]
name = "wasm-bindgen"
version = "0.2.65"
source = "registry+https://github.com/rust-lang/crates.io-index"
dependencies = [
 "cfg-if 0.1.10 (registry+https://github.com/rust-lang/crates.io-index)",
 "wasm-bindgen-macro 0.2.65 (registry+https://github.com/rust-lang/crates.io-index)",
]

[[package]]
name = "wasm-bindgen-backend"
version = "0.2.65"
source = "registry+https://github.com/rust-lang/crates.io-index"
dependencies = [
 "bumpalo 3.2.0 (registry+https://github.com/rust-lang/crates.io-index)",
 "lazy_static 1.4.0 (registry+https://github.com/rust-lang/crates.io-index)",
 "log 0.4.8 (registry+https://github.com/rust-lang/crates.io-index)",
 "proc-macro2 1.0.18 (registry+https://github.com/rust-lang/crates.io-index)",
 "quote 1.0.2 (registry+https://github.com/rust-lang/crates.io-index)",
 "syn 1.0.34 (registry+https://github.com/rust-lang/crates.io-index)",
 "wasm-bindgen-shared 0.2.65 (registry+https://github.com/rust-lang/crates.io-index)",
]

[[package]]
name = "wasm-bindgen-macro"
version = "0.2.65"
source = "registry+https://github.com/rust-lang/crates.io-index"
dependencies = [
 "quote 1.0.2 (registry+https://github.com/rust-lang/crates.io-index)",
 "wasm-bindgen-macro-support 0.2.65 (registry+https://github.com/rust-lang/crates.io-index)",
]

[[package]]
name = "wasm-bindgen-macro-support"
version = "0.2.65"
source = "registry+https://github.com/rust-lang/crates.io-index"
dependencies = [
 "proc-macro2 1.0.18 (registry+https://github.com/rust-lang/crates.io-index)",
 "quote 1.0.2 (registry+https://github.com/rust-lang/crates.io-index)",
 "syn 1.0.34 (registry+https://github.com/rust-lang/crates.io-index)",
 "wasm-bindgen-backend 0.2.65 (registry+https://github.com/rust-lang/crates.io-index)",
 "wasm-bindgen-shared 0.2.65 (registry+https://github.com/rust-lang/crates.io-index)",
]

[[package]]
name = "wasm-bindgen-shared"
version = "0.2.65"
source = "registry+https://github.com/rust-lang/crates.io-index"

[[package]]
name = "web-sys"
version = "0.3.42"
source = "registry+https://github.com/rust-lang/crates.io-index"
dependencies = [
 "js-sys 0.3.42 (registry+https://github.com/rust-lang/crates.io-index)",
 "wasm-bindgen 0.2.65 (registry+https://github.com/rust-lang/crates.io-index)",
]

[[package]]
name = "wee_alloc"
version = "0.4.5"
source = "registry+https://github.com/rust-lang/crates.io-index"
dependencies = [
 "cfg-if 0.1.10 (registry+https://github.com/rust-lang/crates.io-index)",
 "libc 0.2.67 (registry+https://github.com/rust-lang/crates.io-index)",
 "memory_units 0.4.0 (registry+https://github.com/rust-lang/crates.io-index)",
 "winapi 0.3.8 (registry+https://github.com/rust-lang/crates.io-index)",
]

[[package]]
name = "winapi"
version = "0.3.8"
source = "registry+https://github.com/rust-lang/crates.io-index"
dependencies = [
 "winapi-i686-pc-windows-gnu 0.4.0 (registry+https://github.com/rust-lang/crates.io-index)",
 "winapi-x86_64-pc-windows-gnu 0.4.0 (registry+https://github.com/rust-lang/crates.io-index)",
]

[[package]]
name = "winapi-i686-pc-windows-gnu"
version = "0.4.0"
source = "registry+https://github.com/rust-lang/crates.io-index"

[[package]]
name = "winapi-x86_64-pc-windows-gnu"
version = "0.4.0"
source = "registry+https://github.com/rust-lang/crates.io-index"

[[package]]
name = "xml5ever"
version = "0.16.1"
source = "registry+https://github.com/rust-lang/crates.io-index"
dependencies = [
 "log 0.4.8 (registry+https://github.com/rust-lang/crates.io-index)",
 "mac 0.1.1 (registry+https://github.com/rust-lang/crates.io-index)",
 "markup5ever 0.10.0 (registry+https://github.com/rust-lang/crates.io-index)",
 "time 0.1.42 (registry+https://github.com/rust-lang/crates.io-index)",
]

[metadata]
"checksum bumpalo 3.2.0 (registry+https://github.com/rust-lang/crates.io-index)" = "1f359dc14ff8911330a51ef78022d376f25ed00248912803b58f00cb1c27f742"
"checksum cfg-if 0.1.10 (registry+https://github.com/rust-lang/crates.io-index)" = "4785bdd1c96b2a846b2bd7cc02e86b6b3dbf14e7e53446c4f54c92a361040822"
"checksum console_error_panic_hook 0.1.6 (registry+https://github.com/rust-lang/crates.io-index)" = "b8d976903543e0c48546a91908f21588a680a8c8f984df9a5d69feccb2b2a211"
"checksum console_log 0.1.2 (registry+https://github.com/rust-lang/crates.io-index)" = "1e7871d2947441b0fdd8e2bd1ce2a2f75304f896582c0d572162d48290683c48"
"checksum doc-comment 0.3.3 (registry+https://github.com/rust-lang/crates.io-index)" = "fea41bba32d969b513997752735605054bc0dfa92b4c56bf1189f2e174be7a10"
"checksum futf 0.1.4 (registry+https://github.com/rust-lang/crates.io-index)" = "7c9c1ce3fa9336301af935ab852c437817d14cd33690446569392e65170aac3b"
"checksum getrandom 0.1.14 (registry+https://github.com/rust-lang/crates.io-index)" = "7abc8dd8451921606d809ba32e95b6111925cd2906060d2dcc29c070220503eb"
"checksum html5ever 0.25.1 (registry+https://github.com/rust-lang/crates.io-index)" = "aafcf38a1a36118242d29b92e1b08ef84e67e4a5ed06e0a80be20e6a32bfed6b"
"checksum itoa 0.4.6 (registry+https://github.com/rust-lang/crates.io-index)" = "dc6f3ad7b9d11a0c00842ff8de1b60ee58661048eb8049ed33c73594f359d7e6"
"checksum js-sys 0.3.42 (registry+https://github.com/rust-lang/crates.io-index)" = "52732a3d3ad72c58ad2dc70624f9c17b46ecd0943b9a4f1ee37c4c18c5d983e2"
"checksum lazy_static 1.4.0 (registry+https://github.com/rust-lang/crates.io-index)" = "e2abad23fbc42b3700f2f279844dc832adb2b2eb069b2df918f455c4e18cc646"
"checksum libc 0.2.67 (registry+https://github.com/rust-lang/crates.io-index)" = "eb147597cdf94ed43ab7a9038716637d2d1bf2bc571da995d0028dec06bd3018"
"checksum log 0.4.8 (registry+https://github.com/rust-lang/crates.io-index)" = "14b6052be84e6b71ab17edffc2eeabf5c2c3ae1fdb464aae35ac50c67a44e1f7"
"checksum mac 0.1.1 (registry+https://github.com/rust-lang/crates.io-index)" = "c41e0c4fef86961ac6d6f8a82609f55f31b05e4fce149ac5710e439df7619ba4"
"checksum markup5ever 0.10.0 (registry+https://github.com/rust-lang/crates.io-index)" = "aae38d669396ca9b707bfc3db254bc382ddb94f57cc5c235f34623a669a01dab"
"checksum markup5ever_rcdom 0.1.0 (registry+https://github.com/rust-lang/crates.io-index)" = "f015da43bcd8d4f144559a3423f4591d69b8ce0652c905374da7205df336ae2b"
"checksum memory_units 0.4.0 (registry+https://github.com/rust-lang/crates.io-index)" = "8452105ba047068f40ff7093dd1d9da90898e63dd61736462e9cdda6a90ad3c3"
"checksum mt-dom 0.1.1 (registry+https://github.com/rust-lang/crates.io-index)" = "c7245b7852e1663f55f04f54be0e972b91b65e718c745eea672ddce86614da89"
"checksum new_debug_unreachable 1.0.4 (registry+https://github.com/rust-lang/crates.io-index)" = "e4a24736216ec316047a1fc4252e27dabb04218aa4a3f37c6e7ddbf1f9782b54"
"checksum phf 0.8.0 (registry+https://github.com/rust-lang/crates.io-index)" = "3dfb61232e34fcb633f43d12c58f83c1df82962dcdfa565a4e866ffc17dafe12"
"checksum phf_codegen 0.8.0 (registry+https://github.com/rust-lang/crates.io-index)" = "cbffee61585b0411840d3ece935cce9cb6321f01c45477d30066498cd5e1a815"
"checksum phf_generator 0.8.0 (registry+https://github.com/rust-lang/crates.io-index)" = "17367f0cc86f2d25802b2c26ee58a7b23faeccf78a396094c13dced0d0182526"
"checksum phf_shared 0.8.0 (registry+https://github.com/rust-lang/crates.io-index)" = "c00cf8b9eafe68dde5e9eaa2cef8ee84a9336a47d566ec55ca16589633b65af7"
"checksum ppv-lite86 0.2.8 (registry+https://github.com/rust-lang/crates.io-index)" = "237a5ed80e274dbc66f86bd59c1e25edc039660be53194b5fe0a482e0f2612ea"
"checksum precomputed-hash 0.1.1 (registry+https://github.com/rust-lang/crates.io-index)" = "925383efa346730478fb4838dbe9137d2a47675ad789c546d150a6e1dd4ab31c"
"checksum proc-macro2 1.0.18 (registry+https://github.com/rust-lang/crates.io-index)" = "beae6331a816b1f65d04c45b078fd8e6c93e8071771f41b8163255bbd8d7c8fa"
"checksum quote 1.0.2 (registry+https://github.com/rust-lang/crates.io-index)" = "053a8c8bcc71fcce321828dc897a98ab9760bef03a4fc36693c231e5b3216cfe"
"checksum rand 0.7.3 (registry+https://github.com/rust-lang/crates.io-index)" = "6a6b1679d49b24bbfe0c803429aa1874472f50d9b363131f0e89fc356b544d03"
"checksum rand_chacha 0.2.2 (registry+https://github.com/rust-lang/crates.io-index)" = "f4c8ed856279c9737206bf725bf36935d8666ead7aa69b52be55af369d193402"
"checksum rand_core 0.5.1 (registry+https://github.com/rust-lang/crates.io-index)" = "90bde5296fc891b0cef12a6d03ddccc162ce7b2aff54160af9338f8d40df6d19"
"checksum rand_hc 0.2.0 (registry+https://github.com/rust-lang/crates.io-index)" = "ca3129af7b92a17112d59ad498c6f81eaf463253766b90396d39ea7a39d6613c"
"checksum rand_pcg 0.2.1 (registry+https://github.com/rust-lang/crates.io-index)" = "16abd0c1b639e9eb4d7c50c0b8100b0d0f849be2349829c740fe8e6eb4816429"
"checksum redox_syscall 0.1.57 (registry+https://github.com/rust-lang/crates.io-index)" = "41cc0f7e4d5d4544e8861606a285bb08d3e70712ccc7d2b84d7c0ccfaf4b05ce"
"checksum ryu 1.0.5 (registry+https://github.com/rust-lang/crates.io-index)" = "71d301d4193d031abdd79ff7e3dd721168a9572ef3fe51a1517aba235bd8f86e"
"checksum sauron 0.27.0 (registry+https://github.com/rust-lang/crates.io-index)" = "15046f0ab22038591ccd3e07491b51513941a27e664126b256ef76fee9a4be4e"
"checksum sauron-parse 0.1.3 (registry+https://github.com/rust-lang/crates.io-index)" = "7558dbdbba6581c29d9dd35eb647fcf81791fc73e894278b4de39cd0205a3fb3"
"checksum sauron-syntax 0.1.3 (registry+https://github.com/rust-lang/crates.io-index)" = "841224825840f00e81a43df455f637baeb56cadb203c5ab62aceb2860c05c45f"
"checksum serde 1.0.114 (registry+https://github.com/rust-lang/crates.io-index)" = "5317f7588f0a5078ee60ef675ef96735a1442132dc645eb1d12c018620ed8cd3"
"checksum serde_derive 1.0.114 (registry+https://github.com/rust-lang/crates.io-index)" = "2a0be94b04690fbaed37cddffc5c134bf537c8e3329d53e982fe04c374978f8e"
"checksum serde_json 1.0.56 (registry+https://github.com/rust-lang/crates.io-index)" = "3433e879a558dde8b5e8feb2a04899cf34fdde1fafb894687e52105fc1162ac3"
"checksum siphasher 0.3.3 (registry+https://github.com/rust-lang/crates.io-index)" = "fa8f3741c7372e75519bd9346068370c9cdaabcc1f9599cbcf2a2719352286b7"
"checksum string_cache 0.8.0 (registry+https://github.com/rust-lang/crates.io-index)" = "2940c75beb4e3bf3a494cef919a747a2cb81e52571e212bfbd185074add7208a"
"checksum string_cache_codegen 0.5.1 (registry+https://github.com/rust-lang/crates.io-index)" = "f24c8e5e19d22a726626f1a5e16fe15b132dcf21d10177fa5a45ce7962996b97"
"checksum syn 1.0.34 (registry+https://github.com/rust-lang/crates.io-index)" = "936cae2873c940d92e697597c5eee105fb570cd5689c695806f672883653349b"
"checksum tendril 0.4.1 (registry+https://github.com/rust-lang/crates.io-index)" = "707feda9f2582d5d680d733e38755547a3e8fb471e7ba11452ecfd9ce93a5d3b"
"checksum thiserror 1.0.11 (registry+https://github.com/rust-lang/crates.io-index)" = "ee14bf8e6767ab4c687c9e8bc003879e042a96fd67a3ba5934eadb6536bef4db"
"checksum thiserror-impl 1.0.11 (registry+https://github.com/rust-lang/crates.io-index)" = "a7b51e1fbc44b5a0840be594fbc0f960be09050f2617e61e6aa43bef97cd3ef4"
"checksum time 0.1.42 (registry+https://github.com/rust-lang/crates.io-index)" = "db8dcfca086c1143c9270ac42a2bbd8a7ee477b78ac8e45b19abfb0cbede4b6f"
"checksum unicode-xid 0.2.0 (registry+https://github.com/rust-lang/crates.io-index)" = "826e7639553986605ec5979c7dd957c7895e93eabed50ab2ffa7f6128a75097c"
"checksum utf-8 0.7.5 (registry+https://github.com/rust-lang/crates.io-index)" = "05e42f7c18b8f902290b009cde6d651262f956c98bc51bca4cd1d511c9cd85c7"
"checksum wasi 0.9.0+wasi-snapshot-preview1 (registry+https://github.com/rust-lang/crates.io-index)" = "cccddf32554fecc6acb585f82a32a72e28b48f8c4c1883ddfeeeaa96f7d8e519"
"checksum wasm-bindgen 0.2.65 (registry+https://github.com/rust-lang/crates.io-index)" = "f3edbcc9536ab7eababcc6d2374a0b7bfe13a2b6d562c5e07f370456b1a8f33d"
"checksum wasm-bindgen-backend 0.2.65 (registry+https://github.com/rust-lang/crates.io-index)" = "89ed2fb8c84bfad20ea66b26a3743f3e7ba8735a69fe7d95118c33ec8fc1244d"
"checksum wasm-bindgen-macro 0.2.65 (registry+https://github.com/rust-lang/crates.io-index)" = "eb071268b031a64d92fc6cf691715ca5a40950694d8f683c5bb43db7c730929e"
"checksum wasm-bindgen-macro-support 0.2.65 (registry+https://github.com/rust-lang/crates.io-index)" = "cf592c807080719d1ff2f245a687cbadb3ed28b2077ed7084b47aba8b691f2c6"
"checksum wasm-bindgen-shared 0.2.65 (registry+https://github.com/rust-lang/crates.io-index)" = "72b6c0220ded549d63860c78c38f3bcc558d1ca3f4efa74942c536ddbbb55e87"
"checksum web-sys 0.3.42 (registry+https://github.com/rust-lang/crates.io-index)" = "8be2398f326b7ba09815d0b403095f34dd708579220d099caae89be0b32137b2"
"checksum wee_alloc 0.4.5 (registry+https://github.com/rust-lang/crates.io-index)" = "dbb3b5a6b2bb17cb6ad44a2e68a43e8d2722c997da10e928665c72ec6c0a0b8e"
"checksum winapi 0.3.8 (registry+https://github.com/rust-lang/crates.io-index)" = "8093091eeb260906a183e6ae1abdba2ef5ef2257a21801128899c3fc699229c6"
"checksum winapi-i686-pc-windows-gnu 0.4.0 (registry+https://github.com/rust-lang/crates.io-index)" = "ac3b87c63620426dd9b991e5ce0329eff545bccbbb34f3be09ff6fb6ab51b7b6"
"checksum winapi-x86_64-pc-windows-gnu 0.4.0 (registry+https://github.com/rust-lang/crates.io-index)" = "712e227841d057c1ee1cd2fb22fa7e5a5461ae8e48fa2ca79ec42cfc1931183f"
"checksum xml5ever 0.16.1 (registry+https://github.com/rust-lang/crates.io-index)" = "0b1b52e6e8614d4a58b8e70cf51ec0cc21b256ad8206708bcff8139b5bbd6a59"
